
Microsoft Visual Studio Solution File, Format Version 12.00
# Visual Studio Express 14 for Windows Desktop
VisualStudioVersion = 14.0.25420.1
MinimumVisualStudioVersion = 10.0.40219.1
Project("{FAE04EC0-301F-11D3-BF4B-00C04F79EFBC}") = "Calculadora_Claudio_Manzanares", "Calculadora_Claudio_Manzanares\Calculadora_Claudio_Manzanares.csproj", "{BB83A1A8-ADFA-4E16-AAA7-C1D822510915}"
EndProject
Global
	GlobalSection(SolutionConfigurationPlatforms) = preSolution
		Debug|Any CPU = Debug|Any CPU
		Release|Any CPU = Release|Any CPU
	EndGlobalSection
	GlobalSection(ProjectConfigurationPlatforms) = postSolution
		{BB83A1A8-ADFA-4E16-AAA7-C1D822510915}.Debug|Any CPU.ActiveCfg = Debug|Any CPU
		{BB83A1A8-ADFA-4E16-AAA7-C1D822510915}.Debug|Any CPU.Build.0 = Debug|Any CPU
		{BB83A1A8-ADFA-4E16-AAA7-C1D822510915}.Release|Any CPU.ActiveCfg = Release|Any CPU
		{BB83A1A8-ADFA-4E16-AAA7-C1D822510915}.Release|Any CPU.Build.0 = Release|Any CPU
	EndGlobalSection
	GlobalSection(SolutionProperties) = preSolution
		HideSolutionNode = FALSE
	EndGlobalSection
EndGlobal
